
Microsoft Visual Studio Solution File, Format Version 12.00
# Visual Studio Version 17
VisualStudioVersion = 17.8.34511.84
MinimumVisualStudioVersion = 10.0.40219.1
Project("{FAE04EC0-301F-11D3-BF4B-00C04F79EFBC}") = "HILOSFERNANDO", "HILOSFERNANDO\HILOSFERNANDO.csproj", "{9791410F-660A-412E-AAF2-EB8A640D4796}"
EndProject
Global
	GlobalSection(SolutionConfigurationPlatforms) = preSolution
		Debug|Any CPU = Debug|Any CPU
		Release|Any CPU = Release|Any CPU
	EndGlobalSection
	GlobalSection(ProjectConfigurationPlatforms) = postSolution
		{9791410F-660A-412E-AAF2-EB8A640D4796}.Debug|Any CPU.ActiveCfg = Debug|Any CPU
		{9791410F-660A-412E-AAF2-EB8A640D4796}.Debug|Any CPU.Build.0 = Debug|Any CPU
		{9791410F-660A-412E-AAF2-EB8A640D4796}.Release|Any CPU.ActiveCfg = Release|Any CPU
		{9791410F-660A-412E-AAF2-EB8A640D4796}.Release|Any CPU.Build.0 = Release|Any CPU
	EndGlobalSection
	GlobalSection(SolutionProperties) = preSolution
		HideSolutionNode = FALSE
	EndGlobalSection
	GlobalSection(ExtensibilityGlobals) = postSolution
		SolutionGuid = {307D644C-6453-474B-939F-01E031B0CA28}
	EndGlobalSection
EndGlobal
